Microsoft Visual Studio Solution File, Format Version 12.00
# Visual Studio Version 17
VisualStudioVersion = 17.5.2.0
MinimumVisualStudioVersion = 10.0.40219.1
Project("{FAE04EC0-301F-11D3-BF4B-00C04F79EFBC}") = "QuiosqueBI.API", "QuiosqueBI.API.csproj", "{CAAC58FA-657D-70DC-2815-460665923039}"
EndProject
Global
	GlobalSection(SolutionConfigurationPlatforms) = preSolution
		Debug|Any CPU = Debug|Any CPU
		Release|Any CPU = Release|Any CPU
	EndGlobalSection
	GlobalSection(ProjectConfigurationPlatforms) = postSolution
		{CAAC58FA-657D-70DC-2815-460665923039}.Debug|Any CPU.ActiveCfg = Debug|Any CPU
		{CAAC58FA-657D-70DC-2815-460665923039}.Debug|Any CPU.Build.0 = Debug|Any CPU
		{CAAC58FA-657D-70DC-2815-460665923039}.Release|Any CPU.ActiveCfg = Release|Any CPU
		{CAAC58FA-657D-70DC-2815-460665923039}.Release|Any CPU.Build.0 = Release|Any CPU
	EndGlobalSection
	GlobalSection(SolutionProperties) = preSolution
		HideSolutionNode = FALSE
	EndGlobalSection
	GlobalSection(ExtensibilityGlobals) = postSolution
		SolutionGuid = {A4792C88-6B4A-4E00-B834-F6EB1C593E70}
	EndGlobalSection
EndGlobal
